// !$*UTF8*$!
{
	archiveVersion = 1;
	classes = {
	};
	objectVersion = 46;
	objects = {

/* Begin PBXBuildFile section */
		2A8B9EFE15201A3600180134 /* UIKit.framework in Frameworks */ = {isa = PBXBuildFile; fileRef = 2A8B9EFD15201A3600180134 /* UIKit.framework */; };
		2A8B9F0015201A3600180134 /* Foundation.framework in Frameworks */ = {isa = PBXBuildFile; fileRef = 2A8B9EFF15201A3600180134 /* Foundation.framework */; };
		2A8B9F0215201A3600180134 /* CoreGraphics.framework in Frameworks */ = {isa = PBXBuildFile; fileRef = 2A8B9F0115201A3600180134 /* CoreGraphics.framework */; };
		2A8B9F0815201A3600180134 /* InfoPlist.strings in Resources */ = {isa = PBXBuildFile; fileRef = 2A8B9F0615201A3600180134 /* InfoPlist.strings */; };
		2A8B9F0B15201A3600180134 /* main.m in Sources */ = {isa = PBXBuildFile; fileRef = 2A8B9F0A15201A3600180134 /* main.m */; };
		2A8B9F0E15201A3600180134 /* TabUIExampleAppDelegate.m in Sources */ = {isa = PBXBuildFile; fileRef = 2A8B9F0D15201A3600180134 /* TabUIExampleAppDelegate.m */; };
		2A8B9F1115201A3600180134 /* MainWindow.xib in Resources */ = {isa = PBXBuildFile; fileRef = 2A8B9F0F15201A3600180134 /* MainWindow.xib */; };
		2A8B9F1415201A3700180134 /* TabUIExampleViewController.m in Sources */ = {isa = PBXBuildFile; fileRef = 2A8B9F1315201A3700180134 /* TabUIExampleViewController.m */; };
		2A8B9F1715201A3700180134 /* TabUIExampleViewController.xib in Resources */ = {isa = PBXBuildFile; fileRef = 2A8B9F1515201A3700180134 /* TabUIExampleViewController.xib */; };
/* End PBXBuildFile section */

/* Begin PBXFileReference section */
		2A8B9EF915201A3600180134 /* TabUIExample.app */ = {isa = PBXFileReference; explicitFileType = wrapper.application; includeInIndex = 0; path = TabUIExample.app; sourceTree = BUILT_PRODUCTS_DIR; };
		2A8B9EFD15201A3600180134 /* UIKit.framework */ = {isa = PBXFileReference; lastKnownFileType = wrapper.framework; name = UIKit.framework; path = System/Library/Frameworks/UIKit.framework; sourceTree = SDKROOT; };
		2A8B9EFF15201A3600180134 /* Foundation.framework */ = {isa = PBXFileReference; lastKnownFileType = wrapper.framework; name = Foundation.framework; path = System/Library/Frameworks/Foundation.framework; sourceTree = SDKROOT; };
		2A8B9F0115201A3600180134 /* CoreGraphics.framework */ = {isa = PBXFileReference; lastKnownFileType = wrapper.framework; name = CoreGraphics.framework; path = System/Library/Frameworks/CoreGraphics.framework; sourceTree = SDKROOT; };
		2A8B9F0515201A3600180134 /* TabUIExample-Info.plist */ = {isa = PBXFileReference; path = "TabUIExample-Info.plist"; sourceTree = "<group>"; };
		2A8B9F0715201A3600180134 /* en */ = {isa = PBXFileReference; lastKnownFileType = text.plist.strings; name = en; path = en.lproj/InfoPlist.strings; sourceTree = "<group>"; };
		2A8B9F0915201A3600180134 /* TabUIExample-Prefix.pch */ = {isa = PBXFileReference; path = "TabUIExample-Prefix.pch"; sourceTree = "<group>"; };
		2A8B9F0A15201A3600180134 /* main.m */ = {isa = PBXFileReference; lastKnownFileType = sourcecode.c.objc; path = main.m; sourceTree = "<group>"; };
		2A8B9F0C15201A3600180134 /* TabUIExampleAppDelegate.h */ = {isa = PBXFileReference; path = TabUIExampleAppDelegate.h; sourceTree = "<group>"; };
		2A8B9F0D15201A3600180134 /* TabUIExampleAppDelegate.m */ = {isa = PBXFileReference; lastKnownFileType = sourcecode.c.objc; path = TabUIExampleAppDelegate.m; sourceTree = "<group>"; };
		2A8B9F1015201A3600180134 /* en */ = {isa = PBXFileReference; lastKnownFileType = file.xib; name = en; path = en.lproj/MainWindow.xib; sourceTree = "<group>"; };
		2A8B9F1215201A3600180134 /* TabUIExampleViewController.h */ = {isa = PBXFileReference; path = TabUIExampleViewController.h; sourceTree = "<group>"; };
		2A8B9F1315201A3700180134 /* TabUIExampleViewController.m */ = {isa = PBXFileReference; lastKnownFileType = sourcecode.c.objc; path = TabUIExampleViewController.m; sourceTree = "<group>"; };
		2A8B9F1615201A3700180134 /* en */ = {isa = PBXFileReference; lastKnownFileType = file.xib; name = en; path = en.lproj/TabUIExampleViewController.xib; sourceTree = "<group>"; };
/* End PBXFileReference section */

/* Begin PBXFrameworksBuildPhase section */
		2A8B9EF615201A3600180134 /* Frameworks */ = {
			isa = PBXFrameworksBuildPhase;
			buildActionMask = 2147483647;
			files = (
				2A8B9EFE15201A3600180134 /* UIKit.framework in Frameworks */,
				2A8B9F0015201A3600180134 /* Foundation.framework in Frameworks */,
				2A8B9F0215201A3600180134 /* CoreGraphics.framework in Frameworks */,
			);
			runOnlyForDeploymentPostprocessing = 0;
		};
/* End PBXFrameworksBuildPhase section */

/* Begin PBXGroup section */
		2A8B9EEE15201A3600180134 = {
			isa = PBXGroup;
			children = (
				2A8B9F0315201A3600180134 /* TabUIExample */,
				2A8B9EFC15201A3600180134 /* Frameworks */,
				2A8B9EFA15201A3600180134 /* Products */,
			);
			sourceTree = "<group>";
		};
		2A8B9EFA15201A3600180134 /* Products */ = {
			isa = PBXGroup;
			children = (
				2A8B9EF915201A3600180134 /* TabUIExample.app */,
			);
			name = Products;
			sourceTree = "<group>";
		};
		2A8B9EFC15201A3600180134 /* Frameworks */ = {
			isa = PBXGroup;
			children = (
				2A8B9EFD15201A3600180134 /* UIKit.framework */,
				2A8B9EFF15201A3600180134 /* Foundation.framework */,
				2A8B9F0115201A3600180134 /* CoreGraphics.framework */,
			);
			name = Frameworks;
			sourceTree = "<group>";
		};
		2A8B9F0315201A3600180134 /* TabUIExample */ = {
			isa = PBXGroup;
			children = (
				2A8B9F0C15201A3600180134 /* TabUIExampleAppDelegate.h */,
				2A8B9F0D15201A3600180134 /* TabUIExampleAppDelegate.m */,
				2A8B9F0F15201A3600180134 /* MainWindow.xib */,
				2A8B9F1215201A3600180134 /* TabUIExampleViewController.h */,
				2A8B9F1315201A3700180134 /* TabUIExampleViewController.m */,
				2A8B9F1515201A3700180134 /* TabUIExampleViewController.xib */,
				2A8B9F0415201A3600180134 /* Supporting Files */,
			);
			path = TabUIExample;
			sourceTree = "<group>";
		};
		2A8B9F0415201A3600180134 /* Supporting Files */ = {
			isa = PBXGroup;
			children = (
				2A8B9F0515201A3600180134 /* TabUIExample-Info.plist */,
				2A8B9F0615201A3600180134 /* InfoPlist.strings */,
				2A8B9F0915201A3600180134 /* TabUIExample-Prefix.pch */,
				2A8B9F0A15201A3600180134 /* main.m */,
			);
			name = "Supporting Files";
			sourceTree = "<group>";
		};
/* End PBXGroup section */

/* Begin PBXNativeTarget section */
		2A8B9EF815201A3600180134 /* TabUIExample */ = {
			isa = PBXNativeTarget;
			buildConfigurationList = 2A8B9F1A15201A3700180134 /* Build configuration list for PBXNativeTarget "TabUIExample" */;
			buildPhases = (
				2A8B9EF515201A3600180134 /* Sources */,
				2A8B9EF615201A3600180134 /* Frameworks */,
				2A8B9EF715201A3600180134 /* Resources */,
			);
			buildRules = (
			);
			dependencies = (
			);
			name = TabUIExample;
			productName = TabUIExample;
			productReference = 2A8B9EF915201A3600180134 /* TabUIExample.app */;
			productType = "com.apple.product-type.application";
		};
/* End PBXNativeTarget section */

/* Begin PBXProject section */
		2A8B9EF015201A3600180134 /* Project object */ = {
			isa = PBXProject;
			attributes = {
				ORGANIZATIONNAME = "Ringful LLC";
			};
			buildConfigurationList = 2A8B9EF315201A3600180134 /* Build configuration list for PBXProject "TabUIExample" */;
			compatibilityVersion = "Xcode 3.2";
			developmentRegion = English;
			hasScannedForEncodings = 0;
			knownRegions = (
				en,
			);
			mainGroup = 2A8B9EEE15201A3600180134;
			productRefGroup = 2A8B9EFA15201A3600180134 /* Products */;
			projectDirPath = "";
			projectRoot = "";
			targets = (
				2A8B9EF815201A3600180134 /* TabUIExample */,
			);
		};
/* End PBXProject section */

/* Begin PBXResourcesBuildPhase section */
		2A8B9EF715201A3600180134 /* Resources */ = {
			isa = PBXResourcesBuildPhase;
			buildActionMask = 2147483647;
			files = (
				2A8B9F0815201A3600180134 /* InfoPlist.strings in Resources */,
				2A8B9F1115201A3600180134 /* MainWindow.xib in Resources */,
				2A8B9F1715201A3700180134 /* TabUIExampleViewController.xib in Resources */,
			);
			runOnlyForDeploymentPostprocessing = 0;
		};
/* End PBXResourcesBuildPhase section */

/* Begin PBXSourcesBuildPhase section */
		2A8B9EF515201A3600180134 /* Sources */ = {
			isa = PBXSourcesBuildPhase;
			buildActionMask = 2147483647;
			files = (
				2A8B9F0B15201A3600180134 /* main.m in Sources */,
				2A8B9F0E15201A3600180134 /* TabUIExampleAppDelegate.m in Sources */,
				2A8B9F1415201A3700180134 /* TabUIExampleViewController.m in Sources */,
			);
			runOnlyForDeploymentPostprocessing = 0;
		};
/* End PBXSourcesBuildPhase section */

/* Begin PBXVariantGroup section */
		2A8B9F0615201A3600180134 /* InfoPlist.strings */ = {
			isa = PBXVariantGroup;
			children = (
				2A8B9F0715201A3600180134 /* en */,
			);
			name = InfoPlist.strings;
			sourceTree = "<group>";
		};
		2A8B9F0F15201A3600180134 /* MainWindow.xib */ = {
			isa = PBXVariantGroup;
			children = (
				2A8B9F1015201A3600180134 /* en */,
			);
			name = MainWindow.xib;
			sourceTree = "<group>";
		};
		2A8B9F1515201A3700180134 /* TabUIExampleViewController.xib */ = {
			isa = PBXVariantGroup;
			children = (
				2A8B9F1615201A3700180134 /* en */,
			);
			name = TabUIExampleViewController.xib;
			sourceTree = "<group>";
		};
/* End PBXVariantGroup section */

/* Begin XCBuildConfiguration section */
		2A8B9F1815201A3700180134 /* Debug */ = {
			isa = XCBuildConfiguration;
			buildSettings = {
				ARCHS = "$(ARCHS_STANDARD_32_BIT)";
				"CODE_SIGN_IDENTITY[sdk=iphoneos*]" = "iPhone Developer";
				GCC_C_LANGUAGE_STANDARD = gnu99;
				GCC_OPTIMIZATION_LEVEL = 0;
				GCC_PREPROCESSOR_DEFINITIONS = DEBUG;
				GCC_SYMBOLS_PRIVATE_EXTERN = NO;
				GCC_VERSION = com.apple.compilers.llvmgcc42;
				GCC_WARN_ABOUT_RETURN_TYPE = YES;
				GCC_WARN_UNUSED_VARIABLE = YES;
				IPHONEOS_DEPLOYMENT_TARGET = 4.3;
				SDKROOT = iphoneos;
			};
			name = Debug;
		};
		2A8B9F1915201A3700180134 /* Release */ = {
			isa = XCBuildConfiguration;
			buildSettings = {
				ARCHS = "$(ARCHS_STANDARD_32_BIT)";
				"CODE_SIGN_IDENTITY[sdk=iphoneos*]" = "iPhone Developer";
				GCC_C_LANGUAGE_STANDARD = gnu99;
				GCC_VERSION = com.apple.compilers.llvmgcc42;
				GCC_WARN_ABOUT_RETURN_TYPE = YES;
				GCC_WARN_UNUSED_VARIABLE = YES;
				IPHONEOS_DEPLOYMENT_TARGET = 4.3;
				OTHER_CFLAGS = "-DNS_BLOCK_ASSERTIONS=1";
				SDKROOT = iphoneos;
			};
			name = Release;
		};
		2A8B9F1B15201A3700180134 /* Debug */ = {
			isa = XCBuildConfiguration;
			buildSettings = {
				ALWAYS_SEARCH_USER_PATHS = NO;
				COPY_PHASE_STRIP = NO;
				GCC_DYNAMIC_NO_PIC = NO;
				GCC_PRECOMPILE_PREFIX_HEADER = YES;
				GCC_PREFIX_HEADER = "TabUIExample/TabUIExample-Prefix.pch";
				INFOPLIST_FILE = "TabUIExample/TabUIExample-Info.plist";
				PRODUCT_NAME = "$(TARGET_NAME)";
				WRAPPER_EXTENSION = app;
			};
			name = Debug;
		};
		2A8B9F1C15201A3700180134 /* Release */ = {
			isa = XCBuildConfiguration;
			buildSettings = {
				ALWAYS_SEARCH_USER_PATHS = NO;
				COPY_PHASE_STRIP = YES;
				GCC_PRECOMPILE_PREFIX_HEADER = YES;
				GCC_PREFIX_HEADER = "TabUIExample/TabUIExample-Prefix.pch";
				INFOPLIST_FILE = "TabUIExample/TabUIExample-Info.plist";
				PRODUCT_NAME = "$(TARGET_NAME)";
				VALIDATE_PRODUCT = YES;
				WRAPPER_EXTENSION = app;
			};
			name = Release;
		};
/* End XCBuildConfiguration section */

/* Begin XCConfigurationList section */
		2A8B9EF315201A3600180134 /* Build configuration list for PBXProject "TabUIExample" */ = {
			isa = XCConfigurationList;
			buildConfigurations = (
				2A8B9F1815201A3700180134 /* Debug */,
				2A8B9F1915201A3700180134 /* Release */,
			);
			defaultConfigurationIsVisible = 0;
			defaultConfigurationName = Release;
		};
		2A8B9F1A15201A3700180134 /* Build configuration list for PBXNativeTarget "TabUIExample" */ = {
			isa = XCConfigurationList;
			buildConfigurations = (
				2A8B9F1B15201A3700180134 /* Debug */,
				2A8B9F1C15201A3700180134 /* Release */,
			);
			defaultConfigurationIsVisible = 0;
		};
/* End XCConfigurationList section */
	};
	rootObject = 2A8B9EF015201A3600180134 /* Project object */;
}
