// !$*UTF8*$!
{
	archiveVersion = 1;
	classes = {
	};
	objectVersion = 46;
	objects = {

/* Begin PBXBuildFile section */
		2A1CF63D15047C880033D1FC /* Default.png in Resources */ = {isa = PBXBuildFile; fileRef = 2A1CF63C15047C880033D1FC /* Default.png */; };
		2A1CF64015047CFF0033D1FC /* icon.png in Resources */ = {isa = PBXBuildFile; fileRef = 2A1CF63F15047CFF0033D1FC /* icon.png */; };
		2A1CF64215047D060033D1FC /* icon@2x.png in Resources */ = {isa = PBXBuildFile; fileRef = 2A1CF64115047D060033D1FC /* icon@2x.png */; };
		2A29299414A3C6D5000382A4 /* UIKit.framework in Frameworks */ = {isa = PBXBuildFile; fileRef = 2A29299314A3C6D5000382A4 /* UIKit.framework */; };
		2A29299614A3C6D5000382A4 /* Foundation.framework in Frameworks */ = {isa = PBXBuildFile; fileRef = 2A29299514A3C6D5000382A4 /* Foundation.framework */; };
		2A29299814A3C6D5000382A4 /* CoreGraphics.framework in Frameworks */ = {isa = PBXBuildFile; fileRef = 2A29299714A3C6D5000382A4 /* CoreGraphics.framework */; };
		2A29299E14A3C6D5000382A4 /* InfoPlist.strings in Resources */ = {isa = PBXBuildFile; fileRef = 2A29299C14A3C6D5000382A4 /* InfoPlist.strings */; };
		2A2929A114A3C6D5000382A4 /* main.m in Sources */ = {isa = PBXBuildFile; fileRef = 2A2929A014A3C6D5000382A4 /* main.m */; };
		2A2929BF14A3C837000382A4 /* LeadsController.m in Sources */ = {isa = PBXBuildFile; fileRef = 2A2929B714A3C837000382A4 /* LeadsController.m */; };
		2A2929C014A3C837000382A4 /* LeadsController.xib in Resources */ = {isa = PBXBuildFile; fileRef = 2A2929B814A3C837000382A4 /* LeadsController.xib */; };
		2A2929C114A3C837000382A4 /* MainWindow.xib in Resources */ = {isa = PBXBuildFile; fileRef = 2A2929B914A3C837000382A4 /* MainWindow.xib */; };
		2A2929C214A3C837000382A4 /* SampleAppDelegate.m in Sources */ = {isa = PBXBuildFile; fileRef = 2A2929BB14A3C837000382A4 /* SampleAppDelegate.m */; };
		2A2929C314A3C837000382A4 /* SampleViewController.m in Sources */ = {isa = PBXBuildFile; fileRef = 2A2929BD14A3C837000382A4 /* SampleViewController.m */; };
		2A2929C414A3C837000382A4 /* SampleViewController.xib in Resources */ = {isa = PBXBuildFile; fileRef = 2A2929BE14A3C837000382A4 /* SampleViewController.xib */; };
		2A2929D214A3C86F000382A4 /* NSObject+HKMSBJSON.m in Sources */ = {isa = PBXBuildFile; fileRef = 2A2929C714A3C86F000382A4 /* NSObject+HKMSBJSON.m */; };
		2A2929D314A3C86F000382A4 /* NSString+HKMSBJSON.m in Sources */ = {isa = PBXBuildFile; fileRef = 2A2929C914A3C86F000382A4 /* NSString+HKMSBJSON.m */; };
		2A2929D414A3C86F000382A4 /* HKMSBJSON.m in Sources */ = {isa = PBXBuildFile; fileRef = 2A2929CB14A3C86F000382A4 /* HKMSBJSON.m */; };
		2A2929D514A3C86F000382A4 /* HKMSBJsonBase.m in Sources */ = {isa = PBXBuildFile; fileRef = 2A2929CD14A3C86F000382A4 /* HKMSBJsonBase.m */; };
		2A2929D614A3C86F000382A4 /* HKMSBJsonParser.m in Sources */ = {isa = PBXBuildFile; fileRef = 2A2929CF14A3C86F000382A4 /* HKMSBJsonParser.m */; };
		2A2929D714A3C86F000382A4 /* HKMSBJsonWriter.m in Sources */ = {isa = PBXBuildFile; fileRef = 2A2929D114A3C86F000382A4 /* HKMSBJsonWriter.m */; };
		2A2929E214A3C8F8000382A4 /* MessageUI.framework in Frameworks */ = {isa = PBXBuildFile; fileRef = 2A2929E114A3C8F8000382A4 /* MessageUI.framework */; };
		2A2929E414A3C917000382A4 /* AddressBook.framework in Frameworks */ = {isa = PBXBuildFile; fileRef = 2A2929E314A3C917000382A4 /* AddressBook.framework */; };
		2A37346F1564BF4F00A2B517 /* HKMLead.m in Sources */ = {isa = PBXBuildFile; fileRef = 2A3734691564BF4F00A2B517 /* HKMLead.m */; };
		2A3734701564BF4F00A2B517 /* UIDevice-HKMHardware.m in Sources */ = {isa = PBXBuildFile; fileRef = 2A37346B1564BF4F00A2B517 /* UIDevice-HKMHardware.m */; };
		2A3734711564BF4F00A2B517 /* HKMReferralRecord.m in Sources */ = {isa = PBXBuildFile; fileRef = 2A37346D1564BF4F00A2B517 /* HKMReferralRecord.m */; };
		2A4387BE156C9A8300D75BB9 /* HKMDiscoverer.m in Sources */ = {isa = PBXBuildFile; fileRef = 2A4387BD156C9A8300D75BB9 /* HKMDiscoverer.m */; };
		2A65A74014F4942900B55F33 /* InstallsController.m in Sources */ = {isa = PBXBuildFile; fileRef = 2A65A73E14F4942900B55F33 /* InstallsController.m */; };
		2A65A74114F4942900B55F33 /* InstallsController.xib in Resources */ = {isa = PBXBuildFile; fileRef = 2A65A73F14F4942900B55F33 /* InstallsController.xib */; };
		2A65A76514F4C98100B55F33 /* ReferralsController.m in Sources */ = {isa = PBXBuildFile; fileRef = 2A65A76314F4C98000B55F33 /* ReferralsController.m */; };
		2A65A76614F4C98100B55F33 /* ReferralsController.xib in Resources */ = {isa = PBXBuildFile; fileRef = 2A65A76414F4C98100B55F33 /* ReferralsController.xib */; };
/* End PBXBuildFile section */

/* Begin PBXFileReference section */
		2A1CF63C15047C880033D1FC /* Default.png */ = {isa = PBXFileReference; lastKnownFileType = image.png; path = Default.png; sourceTree = "<group>"; };
		2A1CF63F15047CFF0033D1FC /* icon.png */ = {isa = PBXFileReference; lastKnownFileType = image.png; path = icon.png; sourceTree = "<group>"; };
		2A1CF64115047D060033D1FC /* icon@2x.png */ = {isa = PBXFileReference; lastKnownFileType = image.png; path = "icon@2x.png"; sourceTree = "<group>"; };
		2A29298F14A3C6D5000382A4 /* AppGrowthEngine.app */ = {isa = PBXFileReference; explicitFileType = wrapper.application; includeInIndex = 0; path = AppGrowthEngine.app; sourceTree = BUILT_PRODUCTS_DIR; };
		2A29299314A3C6D5000382A4 /* UIKit.framework */ = {isa = PBXFileReference; lastKnownFileType = wrapper.framework; name = UIKit.framework; path = System/Library/Frameworks/UIKit.framework; sourceTree = SDKROOT; };
		2A29299514A3C6D5000382A4 /* Foundation.framework */ = {isa = PBXFileReference; lastKnownFileType = wrapper.framework; name = Foundation.framework; path = System/Library/Frameworks/Foundation.framework; sourceTree = SDKROOT; };
		2A29299714A3C6D5000382A4 /* CoreGraphics.framework */ = {isa = PBXFileReference; lastKnownFileType = wrapper.framework; name = CoreGraphics.framework; path = System/Library/Frameworks/CoreGraphics.framework; sourceTree = SDKROOT; };
		2A29299B14A3C6D5000382A4 /* AppGrowthEngine-Info.plist */ = {isa = PBXFileReference; lastKnownFileType = text.plist.xml; path = "AppGrowthEngine-Info.plist"; sourceTree = "<group>"; };
		2A29299D14A3C6D5000382A4 /* en */ = {isa = PBXFileReference; lastKnownFileType = text.plist.strings; name = en; path = en.lproj/InfoPlist.strings; sourceTree = "<group>"; };
		2A29299F14A3C6D5000382A4 /* AppGrowthEngine-Prefix.pch */ = {isa = PBXFileReference; lastKnownFileType = sourcecode.c.h; path = "AppGrowthEngine-Prefix.pch"; sourceTree = "<group>"; };
		2A2929A014A3C6D5000382A4 /* main.m */ = {isa = PBXFileReference; lastKnownFileType = sourcecode.c.objc; path = main.m; sourceTree = "<group>"; };
		2A2929B614A3C837000382A4 /* LeadsController.h */ = {isa = PBXFileReference; fileEncoding = 4; lastKnownFileType = sourcecode.c.h; name = LeadsController.h; path = SampleApp/LeadsController.h; sourceTree = "<group>"; };
		2A2929B714A3C837000382A4 /* LeadsController.m */ = {isa = PBXFileReference; fileEncoding = 4; lastKnownFileType = sourcecode.c.objc; name = LeadsController.m; path = SampleApp/LeadsController.m; sourceTree = "<group>"; };
		2A2929B814A3C837000382A4 /* LeadsController.xib */ = {isa = PBXFileReference; fileEncoding = 4; lastKnownFileType = file.xib; name = LeadsController.xib; path = SampleApp/LeadsController.xib; sourceTree = "<group>"; };
		2A2929B914A3C837000382A4 /* MainWindow.xib */ = {isa = PBXFileReference; fileEncoding = 4; lastKnownFileType = file.xib; name = MainWindow.xib; path = SampleApp/MainWindow.xib; sourceTree = "<group>"; };
		2A2929BA14A3C837000382A4 /* SampleAppDelegate.h */ = {isa = PBXFileReference; fileEncoding = 4; lastKnownFileType = sourcecode.c.h; name = SampleAppDelegate.h; path = SampleApp/SampleAppDelegate.h; sourceTree = "<group>"; };
		2A2929BB14A3C837000382A4 /* SampleAppDelegate.m */ = {isa = PBXFileReference; fileEncoding = 4; lastKnownFileType = sourcecode.c.objc; name = SampleAppDelegate.m; path = SampleApp/SampleAppDelegate.m; sourceTree = "<group>"; };
		2A2929BC14A3C837000382A4 /* SampleViewController.h */ = {isa = PBXFileReference; fileEncoding = 4; lastKnownFileType = sourcecode.c.h; name = SampleViewController.h; path = SampleApp/SampleViewController.h; sourceTree = "<group>"; };
		2A2929BD14A3C837000382A4 /* SampleViewController.m */ = {isa = PBXFileReference; fileEncoding = 4; lastKnownFileType = sourcecode.c.objc; name = SampleViewController.m; path = SampleApp/SampleViewController.m; sourceTree = "<group>"; };
		2A2929BE14A3C837000382A4 /* SampleViewController.xib */ = {isa = PBXFileReference; fileEncoding = 4; lastKnownFileType = file.xib; name = SampleViewController.xib; path = SampleApp/SampleViewController.xib; sourceTree = "<group>"; };
		2A2929C514A3C86F000382A4 /* HKMJSON.h */ = {isa = PBXFileReference; fileEncoding = 4; lastKnownFileType = sourcecode.c.h; name = HKMJSON.h; path = SBJson/HKMJSON.h; sourceTree = "<group>"; };
		2A2929C614A3C86F000382A4 /* NSObject+HKMSBJSON.h */ = {isa = PBXFileReference; fileEncoding = 4; lastKnownFileType = sourcecode.c.h; name = "NSObject+HKMSBJSON.h"; path = "SBJson/NSObject+HKMSBJSON.h"; sourceTree = "<group>"; };
		2A2929C714A3C86F000382A4 /* NSObject+HKMSBJSON.m */ = {isa = PBXFileReference; fileEncoding = 4; lastKnownFileType = sourcecode.c.objc; name = "NSObject+HKMSBJSON.m"; path = "SBJson/NSObject+HKMSBJSON.m"; sourceTree = "<group>"; };
		2A2929C814A3C86F000382A4 /* NSString+HKMSBJSON.h */ = {isa = PBXFileReference; fileEncoding = 4; lastKnownFileType = sourcecode.c.h; name = "NSString+HKMSBJSON.h"; path = "SBJson/NSString+HKMSBJSON.h"; sourceTree = "<group>"; };
		2A2929C914A3C86F000382A4 /* NSString+HKMSBJSON.m */ = {isa = PBXFileReference; fileEncoding = 4; lastKnownFileType = sourcecode.c.objc; name = "NSString+HKMSBJSON.m"; path = "SBJson/NSString+HKMSBJSON.m"; sourceTree = "<group>"; };
		2A2929CA14A3C86F000382A4 /* HKMSBJSON.h */ = {isa = PBXFileReference; fileEncoding = 4; lastKnownFileType = sourcecode.c.h; name = HKMSBJSON.h; path = SBJson/HKMSBJSON.h; sourceTree = "<group>"; };
		2A2929CB14A3C86F000382A4 /* HKMSBJSON.m */ = {isa = PBXFileReference; fileEncoding = 4; lastKnownFileType = sourcecode.c.objc; name = HKMSBJSON.m; path = SBJson/HKMSBJSON.m; sourceTree = "<group>"; };
		2A2929CC14A3C86F000382A4 /* HKMSBJsonBase.h */ = {isa = PBXFileReference; fileEncoding = 4; lastKnownFileType = sourcecode.c.h; name = HKMSBJsonBase.h; path = SBJson/HKMSBJsonBase.h; sourceTree = "<group>"; };
		2A2929CD14A3C86F000382A4 /* HKMSBJsonBase.m */ = {isa = PBXFileReference; fileEncoding = 4; lastKnownFileType = sourcecode.c.objc; name = HKMSBJsonBase.m; path = SBJson/HKMSBJsonBase.m; sourceTree = "<group>"; };
		2A2929CE14A3C86F000382A4 /* HKMSBJsonParser.h */ = {isa = PBXFileReference; fileEncoding = 4; lastKnownFileType = sourcecode.c.h; name = HKMSBJsonParser.h; path = SBJson/HKMSBJsonParser.h; sourceTree = "<group>"; };
		2A2929CF14A3C86F000382A4 /* HKMSBJsonParser.m */ = {isa = PBXFileReference; fileEncoding = 4; lastKnownFileType = sourcecode.c.objc; name = HKMSBJsonParser.m; path = SBJson/HKMSBJsonParser.m; sourceTree = "<group>"; };
		2A2929D014A3C86F000382A4 /* HKMSBJsonWriter.h */ = {isa = PBXFileReference; fileEncoding = 4; lastKnownFileType = sourcecode.c.h; name = HKMSBJsonWriter.h; path = SBJson/HKMSBJsonWriter.h; sourceTree = "<group>"; };
		2A2929D114A3C86F000382A4 /* HKMSBJsonWriter.m */ = {isa = PBXFileReference; fileEncoding = 4; lastKnownFileType = sourcecode.c.objc; name = HKMSBJsonWriter.m; path = SBJson/HKMSBJsonWriter.m; sourceTree = "<group>"; };
		2A2929E114A3C8F8000382A4 /* MessageUI.framework */ = {isa = PBXFileReference; lastKnownFileType = wrapper.framework; name = MessageUI.framework; path = System/Library/Frameworks/MessageUI.framework; sourceTree = SDKROOT; };
		2A2929E314A3C917000382A4 /* AddressBook.framework */ = {isa = PBXFileReference; lastKnownFileType = wrapper.framework; name = AddressBook.framework; path = System/Library/Frameworks/AddressBook.framework; sourceTree = SDKROOT; };
		2A3734681564BF4F00A2B517 /* HKMLead.h */ = {isa = PBXFileReference; fileEncoding = 4; lastKnownFileType = sourcecode.c.h; path = HKMLead.h; sourceTree = "<group>"; };
		2A3734691564BF4F00A2B517 /* HKMLead.m */ = {isa = PBXFileReference; fileEncoding = 4; lastKnownFileType = sourcecode.c.objc; path = HKMLead.m; sourceTree = "<group>"; };
		2A37346A1564BF4F00A2B517 /* UIDevice-HKMHardware.h */ = {isa = PBXFileReference; fileEncoding = 4; lastKnownFileType = sourcecode.c.h; path = "UIDevice-HKMHardware.h"; sourceTree = "<group>"; };
		2A37346B1564BF4F00A2B517 /* UIDevice-HKMHardware.m */ = {isa = PBXFileReference; fileEncoding = 4; lastKnownFileType = sourcecode.c.objc; path = "UIDevice-HKMHardware.m"; sourceTree = "<group>"; };
		2A37346C1564BF4F00A2B517 /* HKMReferralRecord.h */ = {isa = PBXFileReference; fileEncoding = 4; lastKnownFileType = sourcecode.c.h; path = HKMReferralRecord.h; sourceTree = "<group>"; };
		2A37346D1564BF4F00A2B517 /* HKMReferralRecord.m */ = {isa = PBXFileReference; fileEncoding = 4; lastKnownFileType = sourcecode.c.objc; path = HKMReferralRecord.m; sourceTree = "<group>"; };
		2A4387BC156C9A8300D75BB9 /* HKMDiscoverer.h */ = {isa = PBXFileReference; fileEncoding = 4; lastKnownFileType = sourcecode.c.h; path = HKMDiscoverer.h; sourceTree = "<group>"; };
		2A4387BD156C9A8300D75BB9 /* HKMDiscoverer.m */ = {isa = PBXFileReference; fileEncoding = 4; lastKnownFileType = sourcecode.c.objc; path = HKMDiscoverer.m; sourceTree = "<group>"; };
		2A65A73D14F4942900B55F33 /* InstallsController.h */ = {isa = PBXFileReference; fileEncoding = 4; lastKnownFileType = sourcecode.c.h; name = InstallsController.h; path = SampleApp/InstallsController.h; sourceTree = "<group>"; };
		2A65A73E14F4942900B55F33 /* InstallsController.m */ = {isa = PBXFileReference; fileEncoding = 4; lastKnownFileType = sourcecode.c.objc; name = InstallsController.m; path = SampleApp/InstallsController.m; sourceTree = "<group>"; };
		2A65A73F14F4942900B55F33 /* InstallsController.xib */ = {isa = PBXFileReference; fileEncoding = 4; lastKnownFileType = file.xib; name = InstallsController.xib; path = SampleApp/InstallsController.xib; sourceTree = "<group>"; };
		2A65A76214F4C98000B55F33 /* ReferralsController.h */ = {isa = PBXFileReference; fileEncoding = 4; lastKnownFileType = sourcecode.c.h; name = ReferralsController.h; path = SampleApp/ReferralsController.h; sourceTree = "<group>"; };
		2A65A76314F4C98000B55F33 /* ReferralsController.m */ = {isa = PBXFileReference; fileEncoding = 4; lastKnownFileType = sourcecode.c.objc; name = ReferralsController.m; path = SampleApp/ReferralsController.m; sourceTree = "<group>"; };
		2A65A76414F4C98100B55F33 /* ReferralsController.xib */ = {isa = PBXFileReference; fileEncoding = 4; lastKnownFileType = file.xib; name = ReferralsController.xib; path = SampleApp/ReferralsController.xib; sourceTree = "<group>"; };
/* End PBXFileReference section */

/* Begin PBXFrameworksBuildPhase section */
		2A29298C14A3C6D5000382A4 /* Frameworks */ = {
			isa = PBXFrameworksBuildPhase;
			buildActionMask = 2147483647;
			files = (
				2A29299414A3C6D5000382A4 /* UIKit.framework in Frameworks */,
				2A29299614A3C6D5000382A4 /* Foundation.framework in Frameworks */,
				2A29299814A3C6D5000382A4 /* CoreGraphics.framework in Frameworks */,
				2A2929E214A3C8F8000382A4 /* MessageUI.framework in Frameworks */,
				2A2929E414A3C917000382A4 /* AddressBook.framework in Frameworks */,
			);
			runOnlyForDeploymentPostprocessing = 0;
		};
/* End PBXFrameworksBuildPhase section */

/* Begin PBXGroup section */
		2A29298414A3C6D5000382A4 = {
			isa = PBXGroup;
			children = (
				2A29299914A3C6D5000382A4 /* AppGrowthEngine */,
				2A29299214A3C6D5000382A4 /* Frameworks */,
				2A29299014A3C6D5000382A4 /* Products */,
			);
			sourceTree = "<group>";
		};
		2A29299014A3C6D5000382A4 /* Products */ = {
			isa = PBXGroup;
			children = (
				2A29298F14A3C6D5000382A4 /* AppGrowthEngine.app */,
			);
			name = Products;
			sourceTree = "<group>";
		};
		2A29299214A3C6D5000382A4 /* Frameworks */ = {
			isa = PBXGroup;
			children = (
				2A2929E314A3C917000382A4 /* AddressBook.framework */,
				2A2929E114A3C8F8000382A4 /* MessageUI.framework */,
				2A29299314A3C6D5000382A4 /* UIKit.framework */,
				2A29299514A3C6D5000382A4 /* Foundation.framework */,
				2A29299714A3C6D5000382A4 /* CoreGraphics.framework */,
			);
			name = Frameworks;
			sourceTree = "<group>";
		};
		2A29299914A3C6D5000382A4 /* AppGrowthEngine */ = {
			isa = PBXGroup;
			children = (
				2A2929B514A3C802000382A4 /* SDKClasses */,
				2A2929B414A3C7F8000382A4 /* SBJson */,
				2A2929B314A3C7E8000382A4 /* SampleApp */,
				2A29299A14A3C6D5000382A4 /* Supporting Files */,
			);
			path = AppGrowthEngine;
			sourceTree = "<group>";
		};
		2A29299A14A3C6D5000382A4 /* Supporting Files */ = {
			isa = PBXGroup;
			children = (
				2A29299B14A3C6D5000382A4 /* AppGrowthEngine-Info.plist */,
				2A29299C14A3C6D5000382A4 /* InfoPlist.strings */,
				2A29299F14A3C6D5000382A4 /* AppGrowthEngine-Prefix.pch */,
				2A2929A014A3C6D5000382A4 /* main.m */,
			);
			name = "Supporting Files";
			sourceTree = "<group>";
		};
		2A2929B314A3C7E8000382A4 /* SampleApp */ = {
			isa = PBXGroup;
			children = (
				2A1CF63F15047CFF0033D1FC /* icon.png */,
				2A1CF64115047D060033D1FC /* icon@2x.png */,
				2A1CF63C15047C880033D1FC /* Default.png */,
				2A2929B614A3C837000382A4 /* LeadsController.h */,
				2A2929B714A3C837000382A4 /* LeadsController.m */,
				2A2929B814A3C837000382A4 /* LeadsController.xib */,
				2A2929B914A3C837000382A4 /* MainWindow.xib */,
				2A2929BA14A3C837000382A4 /* SampleAppDelegate.h */,
				2A2929BB14A3C837000382A4 /* SampleAppDelegate.m */,
				2A2929BC14A3C837000382A4 /* SampleViewController.h */,
				2A2929BD14A3C837000382A4 /* SampleViewController.m */,
				2A2929BE14A3C837000382A4 /* SampleViewController.xib */,
				2A65A73D14F4942900B55F33 /* InstallsController.h */,
				2A65A73E14F4942900B55F33 /* InstallsController.m */,
				2A65A73F14F4942900B55F33 /* InstallsController.xib */,
				2A65A76214F4C98000B55F33 /* ReferralsController.h */,
				2A65A76314F4C98000B55F33 /* ReferralsController.m */,
				2A65A76414F4C98100B55F33 /* ReferralsController.xib */,
			);
			name = SampleApp;
			sourceTree = "<group>";
		};
		2A2929B414A3C7F8000382A4 /* SBJson */ = {
			isa = PBXGroup;
			children = (
				2A2929C514A3C86F000382A4 /* HKMJSON.h */,
				2A2929C614A3C86F000382A4 /* NSObject+HKMSBJSON.h */,
				2A2929C714A3C86F000382A4 /* NSObject+HKMSBJSON.m */,
				2A2929C814A3C86F000382A4 /* NSString+HKMSBJSON.h */,
				2A2929C914A3C86F000382A4 /* NSString+HKMSBJSON.m */,
				2A2929CA14A3C86F000382A4 /* HKMSBJSON.h */,
				2A2929CB14A3C86F000382A4 /* HKMSBJSON.m */,
				2A2929CC14A3C86F000382A4 /* HKMSBJsonBase.h */,
				2A2929CD14A3C86F000382A4 /* HKMSBJsonBase.m */,
				2A2929CE14A3C86F000382A4 /* HKMSBJsonParser.h */,
				2A2929CF14A3C86F000382A4 /* HKMSBJsonParser.m */,
				2A2929D014A3C86F000382A4 /* HKMSBJsonWriter.h */,
				2A2929D114A3C86F000382A4 /* HKMSBJsonWriter.m */,
			);
			name = SBJson;
			sourceTree = "<group>";
		};
		2A2929B514A3C802000382A4 /* SDKClasses */ = {
			isa = PBXGroup;
			children = (
				2A4387BC156C9A8300D75BB9 /* HKMDiscoverer.h */,
				2A4387BD156C9A8300D75BB9 /* HKMDiscoverer.m */,
				2A3734681564BF4F00A2B517 /* HKMLead.h */,
				2A3734691564BF4F00A2B517 /* HKMLead.m */,
				2A37346A1564BF4F00A2B517 /* UIDevice-HKMHardware.h */,
				2A37346B1564BF4F00A2B517 /* UIDevice-HKMHardware.m */,
				2A37346C1564BF4F00A2B517 /* HKMReferralRecord.h */,
				2A37346D1564BF4F00A2B517 /* HKMReferralRecord.m */,
			);
			name = SDKClasses;
			sourceTree = "<group>";
		};
/* End PBXGroup section */

/* Begin PBXNativeTarget section */
		2A29298E14A3C6D5000382A4 /* AppGrowthEngine */ = {
			isa = PBXNativeTarget;
			buildConfigurationList = 2A2929B014A3C6D5000382A4 /* Build configuration list for PBXNativeTarget "AppGrowthEngine" */;
			buildPhases = (
				2A29298B14A3C6D5000382A4 /* Sources */,
				2A29298C14A3C6D5000382A4 /* Frameworks */,
				2A29298D14A3C6D5000382A4 /* Resources */,
			);
			buildRules = (
			);
			dependencies = (
			);
			name = AppGrowthEngine;
			productName = AppGrowthEngine;
			productReference = 2A29298F14A3C6D5000382A4 /* AppGrowthEngine.app */;
			productType = "com.apple.product-type.application";
		};
/* End PBXNativeTarget section */

/* Begin PBXProject section */
		2A29298614A3C6D5000382A4 /* Project object */ = {
			isa = PBXProject;
			attributes = {
				ORGANIZATIONNAME = "Ringful LLC";
			};
			buildConfigurationList = 2A29298914A3C6D5000382A4 /* Build configuration list for PBXProject "AppGrowthEngine" */;
			compatibilityVersion = "Xcode 3.2";
			developmentRegion = English;
			hasScannedForEncodings = 0;
			knownRegions = (
				en,
			);
			mainGroup = 2A29298414A3C6D5000382A4;
			productRefGroup = 2A29299014A3C6D5000382A4 /* Products */;
			projectDirPath = "";
			projectRoot = "";
			targets = (
				2A29298E14A3C6D5000382A4 /* AppGrowthEngine */,
			);
		};
/* End PBXProject section */

/* Begin PBXResourcesBuildPhase section */
		2A29298D14A3C6D5000382A4 /* Resources */ = {
			isa = PBXResourcesBuildPhase;
			buildActionMask = 2147483647;
			files = (
				2A29299E14A3C6D5000382A4 /* InfoPlist.strings in Resources */,
				2A2929C014A3C837000382A4 /* LeadsController.xib in Resources */,
				2A2929C114A3C837000382A4 /* MainWindow.xib in Resources */,
				2A2929C414A3C837000382A4 /* SampleViewController.xib in Resources */,
				2A65A74114F4942900B55F33 /* InstallsController.xib in Resources */,
				2A65A76614F4C98100B55F33 /* ReferralsController.xib in Resources */,
				2A1CF63D15047C880033D1FC /* Default.png in Resources */,
				2A1CF64015047CFF0033D1FC /* icon.png in Resources */,
				2A1CF64215047D060033D1FC /* icon@2x.png in Resources */,
			);
			runOnlyForDeploymentPostprocessing = 0;
		};
/* End PBXResourcesBuildPhase section */

/* Begin PBXSourcesBuildPhase section */
		2A29298B14A3C6D5000382A4 /* Sources */ = {
			isa = PBXSourcesBuildPhase;
			buildActionMask = 2147483647;
			files = (
				2A2929A114A3C6D5000382A4 /* main.m in Sources */,
				2A2929BF14A3C837000382A4 /* LeadsController.m in Sources */,
				2A2929C214A3C837000382A4 /* SampleAppDelegate.m in Sources */,
				2A2929C314A3C837000382A4 /* SampleViewController.m in Sources */,
				2A2929D214A3C86F000382A4 /* NSObject+HKMSBJSON.m in Sources */,
				2A2929D314A3C86F000382A4 /* NSString+HKMSBJSON.m in Sources */,
				2A2929D414A3C86F000382A4 /* HKMSBJSON.m in Sources */,
				2A2929D514A3C86F000382A4 /* HKMSBJsonBase.m in Sources */,
				2A2929D614A3C86F000382A4 /* HKMSBJsonParser.m in Sources */,
				2A2929D714A3C86F000382A4 /* HKMSBJsonWriter.m in Sources */,
				2A65A74014F4942900B55F33 /* InstallsController.m in Sources */,
				2A65A76514F4C98100B55F33 /* ReferralsController.m in Sources */,
				2A37346F1564BF4F00A2B517 /* HKMLead.m in Sources */,
				2A3734701564BF4F00A2B517 /* UIDevice-HKMHardware.m in Sources */,
				2A3734711564BF4F00A2B517 /* HKMReferralRecord.m in Sources */,
				2A4387BE156C9A8300D75BB9 /* HKMDiscoverer.m in Sources */,
			);
			runOnlyForDeploymentPostprocessing = 0;
		};
/* End PBXSourcesBuildPhase section */

/* Begin PBXVariantGroup section */
		2A29299C14A3C6D5000382A4 /* InfoPlist.strings */ = {
			isa = PBXVariantGroup;
			children = (
				2A29299D14A3C6D5000382A4 /* en */,
			);
			name = InfoPlist.strings;
			sourceTree = "<group>";
		};
/* End PBXVariantGroup section */

/* Begin XCBuildConfiguration section */
		2A2929AE14A3C6D5000382A4 /* Debug */ = {
			isa = XCBuildConfiguration;
			buildSettings = {
				ARCHS = "$(ARCHS_STANDARD_32_BIT)";
				"CODE_SIGN_IDENTITY[sdk=iphoneos*]" = "iPhone Developer";
				GCC_C_LANGUAGE_STANDARD = gnu99;
				GCC_OPTIMIZATION_LEVEL = 0;
				GCC_PREPROCESSOR_DEFINITIONS = DEBUG;
				GCC_SYMBOLS_PRIVATE_EXTERN = NO;
				GCC_VERSION = com.apple.compilers.llvmgcc42;
				GCC_WARN_ABOUT_RETURN_TYPE = YES;
				GCC_WARN_UNUSED_VARIABLE = YES;
				IPHONEOS_DEPLOYMENT_TARGET = 4.3;
				SDKROOT = iphoneos;
			};
			name = Debug;
		};
		2A2929AF14A3C6D5000382A4 /* Release */ = {
			isa = XCBuildConfiguration;
			buildSettings = {
				ARCHS = "$(ARCHS_STANDARD_32_BIT)";
				CODE_SIGN_IDENTITY = "iPhone Developer: kirk tsai (72W9JL24F3)";
				"CODE_SIGN_IDENTITY[sdk=iphoneos*]" = "iPhone Developer: kirk tsai (72W9JL24F3)";
				GCC_C_LANGUAGE_STANDARD = gnu99;
				GCC_VERSION = com.apple.compilers.llvmgcc42;
				GCC_WARN_ABOUT_RETURN_TYPE = YES;
				GCC_WARN_UNUSED_VARIABLE = YES;
				IPHONEOS_DEPLOYMENT_TARGET = 4.3;
				OTHER_CFLAGS = "-DNS_BLOCK_ASSERTIONS=1";
				PROVISIONING_PROFILE = "476925A7-39D8-4F8B-BE1C-380EA620D36D";
				"PROVISIONING_PROFILE[sdk=iphoneos*]" = "476925A7-39D8-4F8B-BE1C-380EA620D36D";
				SDKROOT = iphoneos;
			};
			name = Release;
		};
		2A2929B114A3C6D5000382A4 /* Debug */ = {
			isa = XCBuildConfiguration;
			buildSettings = {
				ALWAYS_SEARCH_USER_PATHS = NO;
				COPY_PHASE_STRIP = NO;
				GCC_DYNAMIC_NO_PIC = NO;
				GCC_PRECOMPILE_PREFIX_HEADER = YES;
				GCC_PREFIX_HEADER = "AppGrowthEngine/AppGrowthEngine-Prefix.pch";
				INFOPLIST_FILE = "AppGrowthEngine/AppGrowthEngine-Info.plist";
				PRODUCT_NAME = "$(TARGET_NAME)";
				WRAPPER_EXTENSION = app;
			};
			name = Debug;
		};
		2A2929B214A3C6D5000382A4 /* Release */ = {
			isa = XCBuildConfiguration;
			buildSettings = {
				ALWAYS_SEARCH_USER_PATHS = NO;
				COPY_PHASE_STRIP = YES;
				GCC_PRECOMPILE_PREFIX_HEADER = YES;
				GCC_PREFIX_HEADER = "AppGrowthEngine/AppGrowthEngine-Prefix.pch";
				INFOPLIST_FILE = "AppGrowthEngine/AppGrowthEngine-Info.plist";
				PRODUCT_NAME = "$(TARGET_NAME)";
				VALIDATE_PRODUCT = YES;
				WRAPPER_EXTENSION = app;
			};
			name = Release;
		};
/* End XCBuildConfiguration section */

/* Begin XCConfigurationList section */
		2A29298914A3C6D5000382A4 /* Build configuration list for PBXProject "AppGrowthEngine" */ = {
			isa = XCConfigurationList;
			buildConfigurations = (
				2A2929AE14A3C6D5000382A4 /* Debug */,
				2A2929AF14A3C6D5000382A4 /* Release */,
			);
			defaultConfigurationIsVisible = 0;
			defaultConfigurationName = Release;
		};
		2A2929B014A3C6D5000382A4 /* Build configuration list for PBXNativeTarget "AppGrowthEngine" */ = {
			isa = XCConfigurationList;
			buildConfigurations = (
				2A2929B114A3C6D5000382A4 /* Debug */,
				2A2929B214A3C6D5000382A4 /* Release */,
			);
			defaultConfigurationIsVisible = 0;
			defaultConfigurationName = Release;
		};
/* End XCConfigurationList section */
	};
	rootObject = 2A29298614A3C6D5000382A4 /* Project object */;
}
